
Microsoft Visual Studio Solution File, Format Version 12.00
# Visual Studio Version 17
VisualStudioVersion = 17.10.35013.160
MinimumVisualStudioVersion = 10.0.40219.1
Project("{9A19103F-16F7-4668-BE54-9A1E7A4F7556}") = "CompanyClaims.API", "src\CompanyClaims.API\CompanyClaims.API.csproj", "{AE68FE9A-5C89-4713-BA39-38C8710DFC71}"
EndProject
Project("{9A19103F-16F7-4668-BE54-9A1E7A4F7556}") = "CompanyClaims.Models", "src\CompanyClaims.Models\CompanyClaims.Models.csproj", "{C8568828-71A3-489E-B5AB-AA4EF720BE56}"
EndProject
Project("{9A19103F-16F7-4668-BE54-9A1E7A4F7556}") = "CompanyClaims.Service", "src\CompanyClaims.Service\CompanyClaims.Service.csproj", "{BAE6251F-956A-49EF-AD28-8D90B95A87E1}"
EndProject
Project("{2150E333-8FDC-42A3-9474-1A3956D46DE8}") = "src", "src", "{FB38B85A-9F56-4477-866B-592267B5C95F}"
EndProject
Project("{9A19103F-16F7-4668-BE54-9A1E7A4F7556}") = "CompanyClaims.Data", "src\CompanyClaims.Data\CompanyClaims.Data.csproj", "{B3BBBFCC-669B-403E-A9F2-0FCE99A2CB39}"
EndProject
Project("{2150E333-8FDC-42A3-9474-1A3956D46DE8}") = "tests", "tests", "{DBC272AA-D5B3-4306-ACBC-B2A28874BEF8}"
EndProject
Project("{FAE04EC0-301F-11D3-BF4B-00C04F79EFBC}") = "CompanyClaims.API.UnitTests", "test\CompanyClaims.API.UnitTests\CompanyClaims.API.UnitTests.csproj", "{82038CEE-D46C-4289-BDD1-3169304E26E6}"
EndProject
Global
	GlobalSection(SolutionConfigurationPlatforms) = preSolution
		Debug|Any CPU = Debug|Any CPU
		Release|Any CPU = Release|Any CPU
	EndGlobalSection
	GlobalSection(ProjectConfigurationPlatforms) = postSolution
		{AE68FE9A-5C89-4713-BA39-38C8710DFC71}.Debug|Any CPU.ActiveCfg = Debug|Any CPU
		{AE68FE9A-5C89-4713-BA39-38C8710DFC71}.Debug|Any CPU.Build.0 = Debug|Any CPU
		{AE68FE9A-5C89-4713-BA39-38C8710DFC71}.Release|Any CPU.ActiveCfg = Release|Any CPU
		{AE68FE9A-5C89-4713-BA39-38C8710DFC71}.Release|Any CPU.Build.0 = Release|Any CPU
		{C8568828-71A3-489E-B5AB-AA4EF720BE56}.Debug|Any CPU.ActiveCfg = Debug|Any CPU
		{C8568828-71A3-489E-B5AB-AA4EF720BE56}.Debug|Any CPU.Build.0 = Debug|Any CPU
		{C8568828-71A3-489E-B5AB-AA4EF720BE56}.Release|Any CPU.ActiveCfg = Release|Any CPU
		{C8568828-71A3-489E-B5AB-AA4EF720BE56}.Release|Any CPU.Build.0 = Release|Any CPU
		{BAE6251F-956A-49EF-AD28-8D90B95A87E1}.Debug|Any CPU.ActiveCfg = Debug|Any CPU
		{BAE6251F-956A-49EF-AD28-8D90B95A87E1}.Debug|Any CPU.Build.0 = Debug|Any CPU
		{BAE6251F-956A-49EF-AD28-8D90B95A87E1}.Release|Any CPU.ActiveCfg = Release|Any CPU
		{BAE6251F-956A-49EF-AD28-8D90B95A87E1}.Release|Any CPU.Build.0 = Release|Any CPU
		{B3BBBFCC-669B-403E-A9F2-0FCE99A2CB39}.Debug|Any CPU.ActiveCfg = Debug|Any CPU
		{B3BBBFCC-669B-403E-A9F2-0FCE99A2CB39}.Debug|Any CPU.Build.0 = Debug|Any CPU
		{B3BBBFCC-669B-403E-A9F2-0FCE99A2CB39}.Release|Any CPU.ActiveCfg = Release|Any CPU
		{B3BBBFCC-669B-403E-A9F2-0FCE99A2CB39}.Release|Any CPU.Build.0 = Release|Any CPU
		{82038CEE-D46C-4289-BDD1-3169304E26E6}.Debug|Any CPU.ActiveCfg = Debug|Any CPU
		{82038CEE-D46C-4289-BDD1-3169304E26E6}.Debug|Any CPU.Build.0 = Debug|Any CPU
		{82038CEE-D46C-4289-BDD1-3169304E26E6}.Release|Any CPU.ActiveCfg = Release|Any CPU
		{82038CEE-D46C-4289-BDD1-3169304E26E6}.Release|Any CPU.Build.0 = Release|Any CPU
	EndGlobalSection
	GlobalSection(SolutionProperties) = preSolution
		HideSolutionNode = FALSE
	EndGlobalSection
	GlobalSection(NestedProjects) = preSolution
		{AE68FE9A-5C89-4713-BA39-38C8710DFC71} = {FB38B85A-9F56-4477-866B-592267B5C95F}
		{C8568828-71A3-489E-B5AB-AA4EF720BE56} = {FB38B85A-9F56-4477-866B-592267B5C95F}
		{BAE6251F-956A-49EF-AD28-8D90B95A87E1} = {FB38B85A-9F56-4477-866B-592267B5C95F}
		{B3BBBFCC-669B-403E-A9F2-0FCE99A2CB39} = {FB38B85A-9F56-4477-866B-592267B5C95F}
		{82038CEE-D46C-4289-BDD1-3169304E26E6} = {DBC272AA-D5B3-4306-ACBC-B2A28874BEF8}
	EndGlobalSection
	GlobalSection(ExtensibilityGlobals) = postSolution
		SolutionGuid = {DF4AFA79-602E-4CB8-8616-262A2343E4FF}
	EndGlobalSection
EndGlobal
