
Microsoft Visual Studio Solution File, Format Version 12.00
# Visual Studio Version 17
VisualStudioVersion = 17.10.35013.160
MinimumVisualStudioVersion = 10.0.40219.1
Project("{9A19103F-16F7-4668-BE54-9A1E7A4F7556}") = "CompanyClaims.API", "src\CompanyClaims.API\CompanyClaims.API.csproj", "{AE68FE9A-5C89-4713-BA39-38C8710DFC71}"
EndProject
Project("{9A19103F-16F7-4668-BE54-9A1E7A4F7556}") = "CompanyClaims.Models", "src\CompanyClaims.Models\CompanyClaims.Models.csproj", "{C8568828-71A3-489E-B5AB-AA4EF720BE56}"
EndProject
Project("{00D1A9C2-B5F0-4AF3-8072-F6C62B433612}") = "CompanyClaims", "data\CompanyClaims\CompanyClaims.sqlproj", "{330D9730-9BCD-4D79-8CDF-1EABFE8FE794}"
EndProject
Project("{9A19103F-16F7-4668-BE54-9A1E7A4F7556}") = "CompanyClaims.Service", "src\CompanyClaims.Service\CompanyClaims.Service.csproj", "{BAE6251F-956A-49EF-AD28-8D90B95A87E1}"
EndProject
Project("{2150E333-8FDC-42A3-9474-1A3956D46DE8}") = "src", "src", "{FB38B85A-9F56-4477-866B-592267B5C95F}"
EndProject
Project("{2150E333-8FDC-42A3-9474-1A3956D46DE8}") = "data", "data", "{9DAB9C37-84DE-4910-923F-9B26775D213D}"
EndProject
Project("{FAE04EC0-301F-11D3-BF4B-00C04F79EFBC}") = "CompanyClaims.Data", "src\CompanyClaims.Data\CompanyClaims.Data.csproj", "{B3BBBFCC-669B-403E-A9F2-0FCE99A2CB39}"
EndProject
Global
	GlobalSection(SolutionConfigurationPlatforms) = preSolution
		Debug|Any CPU = Debug|Any CPU
		Release|Any CPU = Release|Any CPU
	EndGlobalSection
	GlobalSection(ProjectConfigurationPlatforms) = postSolution
		{AE68FE9A-5C89-4713-BA39-38C8710DFC71}.Debug|Any CPU.ActiveCfg = Debug|Any CPU
		{AE68FE9A-5C89-4713-BA39-38C8710DFC71}.Debug|Any CPU.Build.0 = Debug|Any CPU
		{AE68FE9A-5C89-4713-BA39-38C8710DFC71}.Release|Any CPU.ActiveCfg = Release|Any CPU
		{AE68FE9A-5C89-4713-BA39-38C8710DFC71}.Release|Any CPU.Build.0 = Release|Any CPU
		{C8568828-71A3-489E-B5AB-AA4EF720BE56}.Debug|Any CPU.ActiveCfg = Debug|Any CPU
		{C8568828-71A3-489E-B5AB-AA4EF720BE56}.Debug|Any CPU.Build.0 = Debug|Any CPU
		{C8568828-71A3-489E-B5AB-AA4EF720BE56}.Release|Any CPU.ActiveCfg = Release|Any CPU
		{C8568828-71A3-489E-B5AB-AA4EF720BE56}.Release|Any CPU.Build.0 = Release|Any CPU
		{330D9730-9BCD-4D79-8CDF-1EABFE8FE794}.Debug|Any CPU.ActiveCfg = Debug|Any CPU
		{330D9730-9BCD-4D79-8CDF-1EABFE8FE794}.Debug|Any CPU.Build.0 = Debug|Any CPU
		{330D9730-9BCD-4D79-8CDF-1EABFE8FE794}.Debug|Any CPU.Deploy.0 = Debug|Any CPU
		{330D9730-9BCD-4D79-8CDF-1EABFE8FE794}.Release|Any CPU.ActiveCfg = Release|Any CPU
		{330D9730-9BCD-4D79-8CDF-1EABFE8FE794}.Release|Any CPU.Build.0 = Release|Any CPU
		{330D9730-9BCD-4D79-8CDF-1EABFE8FE794}.Release|Any CPU.Deploy.0 = Release|Any CPU
		{BAE6251F-956A-49EF-AD28-8D90B95A87E1}.Debug|Any CPU.ActiveCfg = Debug|Any CPU
		{BAE6251F-956A-49EF-AD28-8D90B95A87E1}.Debug|Any CPU.Build.0 = Debug|Any CPU
		{BAE6251F-956A-49EF-AD28-8D90B95A87E1}.Release|Any CPU.ActiveCfg = Release|Any CPU
		{BAE6251F-956A-49EF-AD28-8D90B95A87E1}.Release|Any CPU.Build.0 = Release|Any CPU
		{B3BBBFCC-669B-403E-A9F2-0FCE99A2CB39}.Debug|Any CPU.ActiveCfg = Debug|Any CPU
		{B3BBBFCC-669B-403E-A9F2-0FCE99A2CB39}.Debug|Any CPU.Build.0 = Debug|Any CPU
		{B3BBBFCC-669B-403E-A9F2-0FCE99A2CB39}.Release|Any CPU.ActiveCfg = Release|Any CPU
		{B3BBBFCC-669B-403E-A9F2-0FCE99A2CB39}.Release|Any CPU.Build.0 = Release|Any CPU
	EndGlobalSection
	GlobalSection(SolutionProperties) = preSolution
		HideSolutionNode = FALSE
	EndGlobalSection
	GlobalSection(NestedProjects) = preSolution
		{AE68FE9A-5C89-4713-BA39-38C8710DFC71} = {FB38B85A-9F56-4477-866B-592267B5C95F}
		{C8568828-71A3-489E-B5AB-AA4EF720BE56} = {FB38B85A-9F56-4477-866B-592267B5C95F}
		{330D9730-9BCD-4D79-8CDF-1EABFE8FE794} = {9DAB9C37-84DE-4910-923F-9B26775D213D}
		{BAE6251F-956A-49EF-AD28-8D90B95A87E1} = {FB38B85A-9F56-4477-866B-592267B5C95F}
		{B3BBBFCC-669B-403E-A9F2-0FCE99A2CB39} = {FB38B85A-9F56-4477-866B-592267B5C95F}
	EndGlobalSection
	GlobalSection(ExtensibilityGlobals) = postSolution
		SolutionGuid = {DF4AFA79-602E-4CB8-8616-262A2343E4FF}
	EndGlobalSection
EndGlobal
